
Microsoft Visual Studio Solution File, Format Version 12.00
# Visual Studio Version 16
VisualStudioVersion = 16.0.31729.503
MinimumVisualStudioVersion = 10.0.40219.1
Project("{9A19103F-16F7-4668-BE54-9A1E7A4F7556}") = "CampIntro", "CampIntro\CampIntro.csproj", "{3F7C9DDF-4730-443F-965F-081007D3E629}"
EndProject
Project("{9A19103F-16F7-4668-BE54-9A1E7A4F7556}") = "Loops", "Loops\Loops.csproj", "{D35B8F76-7E5E-4728-8932-32C42AEC5EC0}"
EndProject
Project("{9A19103F-16F7-4668-BE54-9A1E7A4F7556}") = "ClassIntro", "ClassIntro\ClassIntro.csproj", "{774AC2F6-BE54-49D7-88AD-FD7BD063CEA6}"
EndProject
Project("{FAE04EC0-301F-11D3-BF4B-00C04F79EFBC}") = "ProductManager", "ProductManager\ProductManager.csproj", "{5FD53294-1563-4E31-9114-291EAFC751C3}"
EndProject
Project("{FAE04EC0-301F-11D3-BF4B-00C04F79EFBC}") = "Methods", "Methods\Methods.csproj", "{E3B0532B-0DB8-4394-AC1F-5C70DDEBD799}"
EndProject
Project("{FAE04EC0-301F-11D3-BF4B-00C04F79EFBC}") = "Matematik", "Matematik\Matematik.csproj", "{6D65DB83-F484-4140-89C5-6C0B639B6EFE}"
EndProject
Project("{FAE04EC0-301F-11D3-BF4B-00C04F79EFBC}") = "DegerVeReferansTipler", "DegerVeReferansTipler\DegerVeReferansTipler.csproj", "{C12EEA1E-423D-49CF-ADFF-2C393B44F86F}"
EndProject
Global
	GlobalSection(SolutionConfigurationPlatforms) = preSolution
		Debug|Any CPU = Debug|Any CPU
		Release|Any CPU = Release|Any CPU
	EndGlobalSection
	GlobalSection(ProjectConfigurationPlatforms) = postSolution
		{3F7C9DDF-4730-443F-965F-081007D3E629}.Debug|Any CPU.ActiveCfg = Debug|Any CPU
		{3F7C9DDF-4730-443F-965F-081007D3E629}.Debug|Any CPU.Build.0 = Debug|Any CPU
		{3F7C9DDF-4730-443F-965F-081007D3E629}.Release|Any CPU.ActiveCfg = Release|Any CPU
		{3F7C9DDF-4730-443F-965F-081007D3E629}.Release|Any CPU.Build.0 = Release|Any CPU
		{D35B8F76-7E5E-4728-8932-32C42AEC5EC0}.Debug|Any CPU.ActiveCfg = Debug|Any CPU
		{D35B8F76-7E5E-4728-8932-32C42AEC5EC0}.Debug|Any CPU.Build.0 = Debug|Any CPU
		{D35B8F76-7E5E-4728-8932-32C42AEC5EC0}.Release|Any CPU.ActiveCfg = Release|Any CPU
		{D35B8F76-7E5E-4728-8932-32C42AEC5EC0}.Release|Any CPU.Build.0 = Release|Any CPU
		{774AC2F6-BE54-49D7-88AD-FD7BD063CEA6}.Debug|Any CPU.ActiveCfg = Debug|Any CPU
		{774AC2F6-BE54-49D7-88AD-FD7BD063CEA6}.Debug|Any CPU.Build.0 = Debug|Any CPU
		{774AC2F6-BE54-49D7-88AD-FD7BD063CEA6}.Release|Any CPU.ActiveCfg = Release|Any CPU
		{774AC2F6-BE54-49D7-88AD-FD7BD063CEA6}.Release|Any CPU.Build.0 = Release|Any CPU
		{5FD53294-1563-4E31-9114-291EAFC751C3}.Debug|Any CPU.ActiveCfg = Debug|Any CPU
		{5FD53294-1563-4E31-9114-291EAFC751C3}.Debug|Any CPU.Build.0 = Debug|Any CPU
		{5FD53294-1563-4E31-9114-291EAFC751C3}.Release|Any CPU.ActiveCfg = Release|Any CPU
		{5FD53294-1563-4E31-9114-291EAFC751C3}.Release|Any CPU.Build.0 = Release|Any CPU
		{E3B0532B-0DB8-4394-AC1F-5C70DDEBD799}.Debug|Any CPU.ActiveCfg = Debug|Any CPU
		{E3B0532B-0DB8-4394-AC1F-5C70DDEBD799}.Debug|Any CPU.Build.0 = Debug|Any CPU
		{E3B0532B-0DB8-4394-AC1F-5C70DDEBD799}.Release|Any CPU.ActiveCfg = Release|Any CPU
		{E3B0532B-0DB8-4394-AC1F-5C70DDEBD799}.Release|Any CPU.Build.0 = Release|Any CPU
		{6D65DB83-F484-4140-89C5-6C0B639B6EFE}.Debug|Any CPU.ActiveCfg = Debug|Any CPU
		{6D65DB83-F484-4140-89C5-6C0B639B6EFE}.Debug|Any CPU.Build.0 = Debug|Any CPU
		{6D65DB83-F484-4140-89C5-6C0B639B6EFE}.Release|Any CPU.ActiveCfg = Release|Any CPU
		{6D65DB83-F484-4140-89C5-6C0B639B6EFE}.Release|Any CPU.Build.0 = Release|Any CPU
		{C12EEA1E-423D-49CF-ADFF-2C393B44F86F}.Debug|Any CPU.ActiveCfg = Debug|Any CPU
		{C12EEA1E-423D-49CF-ADFF-2C393B44F86F}.Debug|Any CPU.Build.0 = Debug|Any CPU
		{C12EEA1E-423D-49CF-ADFF-2C393B44F86F}.Release|Any CPU.ActiveCfg = Release|Any CPU
		{C12EEA1E-423D-49CF-ADFF-2C393B44F86F}.Release|Any CPU.Build.0 = Release|Any CPU
	EndGlobalSection
	GlobalSection(SolutionProperties) = preSolution
		HideSolutionNode = FALSE
	EndGlobalSection
	GlobalSection(ExtensibilityGlobals) = postSolution
		SolutionGuid = {115D892D-F60B-4365-AD70-3643049C0272}
	EndGlobalSection
EndGlobal
