
Microsoft Visual Studio Solution File, Format Version 12.00
# Visual Studio 15
VisualStudioVersion = 15.0.28307.1321
MinimumVisualStudioVersion = 10.0.40219.1
Project("{9A19103F-16F7-4668-BE54-9A1E7A4F7556}") = "CampIntro", "CampIntro\CampIntro.csproj", "{8C24343E-16DE-478D-9402-B6FD3269A8A9}"
EndProject
Project("{9A19103F-16F7-4668-BE54-9A1E7A4F7556}") = "Loops", "Loops\Loops.csproj", "{CC908534-908C-4DCF-93CD-5603C70FDCF5}"
EndProject
Project("{9A19103F-16F7-4668-BE54-9A1E7A4F7556}") = "ClassIntro", "ClassIntro\ClassIntro.csproj", "{05381B0E-BB7B-4909-B7A2-F6AA8F60EE77}"
EndProject
Project("{9A19103F-16F7-4668-BE54-9A1E7A4F7556}") = "Methods", "Methods\Methods.csproj", "{C7D0B6B2-3AE6-45E7-923E-A07F14EC1F4A}"
EndProject
Project("{9A19103F-16F7-4668-BE54-9A1E7A4F7556}") = "Math", "Math\Math.csproj", "{9A263558-61E0-4B8C-9E76-2AAE9AF6282F}"
EndProject
Project("{9A19103F-16F7-4668-BE54-9A1E7A4F7556}") = "ValueAndReferenceTypes", "ValueAndReferenceTypes\ValueAndReferenceTypes.csproj", "{1AD99BF4-C107-4333-8121-42D425067EC1}"
EndProject
Project("{FAE04EC0-301F-11D3-BF4B-00C04F79EFBC}") = "Cars", "Cars\Cars.csproj", "{2E285F12-FA4C-4590-A6DB-7ECF2E665624}"
EndProject
Global
	GlobalSection(SolutionConfigurationPlatforms) = preSolution
		Debug|Any CPU = Debug|Any CPU
		Release|Any CPU = Release|Any CPU
	EndGlobalSection
	GlobalSection(ProjectConfigurationPlatforms) = postSolution
		{8C24343E-16DE-478D-9402-B6FD3269A8A9}.Debug|Any CPU.ActiveCfg = Debug|Any CPU
		{8C24343E-16DE-478D-9402-B6FD3269A8A9}.Debug|Any CPU.Build.0 = Debug|Any CPU
		{8C24343E-16DE-478D-9402-B6FD3269A8A9}.Release|Any CPU.ActiveCfg = Release|Any CPU
		{8C24343E-16DE-478D-9402-B6FD3269A8A9}.Release|Any CPU.Build.0 = Release|Any CPU
		{CC908534-908C-4DCF-93CD-5603C70FDCF5}.Debug|Any CPU.ActiveCfg = Debug|Any CPU
		{CC908534-908C-4DCF-93CD-5603C70FDCF5}.Debug|Any CPU.Build.0 = Debug|Any CPU
		{CC908534-908C-4DCF-93CD-5603C70FDCF5}.Release|Any CPU.ActiveCfg = Release|Any CPU
		{CC908534-908C-4DCF-93CD-5603C70FDCF5}.Release|Any CPU.Build.0 = Release|Any CPU
		{05381B0E-BB7B-4909-B7A2-F6AA8F60EE77}.Debug|Any CPU.ActiveCfg = Debug|Any CPU
		{05381B0E-BB7B-4909-B7A2-F6AA8F60EE77}.Debug|Any CPU.Build.0 = Debug|Any CPU
		{05381B0E-BB7B-4909-B7A2-F6AA8F60EE77}.Release|Any CPU.ActiveCfg = Release|Any CPU
		{05381B0E-BB7B-4909-B7A2-F6AA8F60EE77}.Release|Any CPU.Build.0 = Release|Any CPU
		{C7D0B6B2-3AE6-45E7-923E-A07F14EC1F4A}.Debug|Any CPU.ActiveCfg = Debug|Any CPU
		{C7D0B6B2-3AE6-45E7-923E-A07F14EC1F4A}.Debug|Any CPU.Build.0 = Debug|Any CPU
		{C7D0B6B2-3AE6-45E7-923E-A07F14EC1F4A}.Release|Any CPU.ActiveCfg = Release|Any CPU
		{C7D0B6B2-3AE6-45E7-923E-A07F14EC1F4A}.Release|Any CPU.Build.0 = Release|Any CPU
		{9A263558-61E0-4B8C-9E76-2AAE9AF6282F}.Debug|Any CPU.ActiveCfg = Debug|Any CPU
		{9A263558-61E0-4B8C-9E76-2AAE9AF6282F}.Debug|Any CPU.Build.0 = Debug|Any CPU
		{9A263558-61E0-4B8C-9E76-2AAE9AF6282F}.Release|Any CPU.ActiveCfg = Release|Any CPU
		{9A263558-61E0-4B8C-9E76-2AAE9AF6282F}.Release|Any CPU.Build.0 = Release|Any CPU
		{1AD99BF4-C107-4333-8121-42D425067EC1}.Debug|Any CPU.ActiveCfg = Debug|Any CPU
		{1AD99BF4-C107-4333-8121-42D425067EC1}.Debug|Any CPU.Build.0 = Debug|Any CPU
		{1AD99BF4-C107-4333-8121-42D425067EC1}.Release|Any CPU.ActiveCfg = Release|Any CPU
		{1AD99BF4-C107-4333-8121-42D425067EC1}.Release|Any CPU.Build.0 = Release|Any CPU
		{2E285F12-FA4C-4590-A6DB-7ECF2E665624}.Debug|Any CPU.ActiveCfg = Debug|Any CPU
		{2E285F12-FA4C-4590-A6DB-7ECF2E665624}.Debug|Any CPU.Build.0 = Debug|Any CPU
		{2E285F12-FA4C-4590-A6DB-7ECF2E665624}.Release|Any CPU.ActiveCfg = Release|Any CPU
		{2E285F12-FA4C-4590-A6DB-7ECF2E665624}.Release|Any CPU.Build.0 = Release|Any CPU
	EndGlobalSection
	GlobalSection(SolutionProperties) = preSolution
		HideSolutionNode = FALSE
	EndGlobalSection
	GlobalSection(ExtensibilityGlobals) = postSolution
		SolutionGuid = {9E433CE5-DBC2-45BB-9E7B-BCA8AB0E822A}
	EndGlobalSection
EndGlobal
